// !$*UTF8*$!
{
	archiveVersion = 1;
	classes = {
	};
	objectVersion = 46;
	objects = {

/* Begin PBXBuildFile section */
		462DB9C619C2707F0061B890 /* Foundation.framework in Frameworks */ = {isa = PBXBuildFile; fileRef = 462DB9C519C2707F0061B890 /* Foundation.framework */; };
		462DB9C819C2707F0061B890 /* CoreGraphics.framework in Frameworks */ = {isa = PBXBuildFile; fileRef = 462DB9C719C2707F0061B890 /* CoreGraphics.framework */; };
		462DB9CA19C2707F0061B890 /* UIKit.framework in Frameworks */ = {isa = PBXBuildFile; fileRef = 462DB9C919C2707F0061B890 /* UIKit.framework */; };
		462DB9D019C2707F0061B890 /* InfoPlist.strings in Resources */ = {isa = PBXBuildFile; fileRef = 462DB9CE19C2707F0061B890 /* InfoPlist.strings */; };
		462DB9D219C2707F0061B890 /* main.m in Sources */ = {isa = PBXBuildFile; fileRef = 462DB9D119C2707F0061B890 /* main.m */; };
		462DB9D619C2707F0061B890 /* STRAppDelegate.m in Sources */ = {isa = PBXBuildFile; fileRef = 462DB9D519C2707F0061B890 /* STRAppDelegate.m */; };
		462DB9D819C2707F0061B890 /* Images.xcassets in Resources */ = {isa = PBXBuildFile; fileRef = 462DB9D719C2707F0061B890 /* Images.xcassets */; };
		462DB9DF19C2707F0061B890 /* XCTest.framework in Frameworks */ = {isa = PBXBuildFile; fileRef = 462DB9DE19C2707F0061B890 /* XCTest.framework */; };
		462DB9E019C2707F0061B890 /* Foundation.framework in Frameworks */ = {isa = PBXBuildFile; fileRef = 462DB9C519C2707F0061B890 /* Foundation.framework */; };
		462DB9E119C2707F0061B890 /* UIKit.framework in Frameworks */ = {isa = PBXBuildFile; fileRef = 462DB9C919C2707F0061B890 /* UIKit.framework */; };
		462DB9E919C2707F0061B890 /* InfoPlist.strings in Resources */ = {isa = PBXBuildFile; fileRef = 462DB9E719C2707F0061B890 /* InfoPlist.strings */; };
		462DB9EB19C2707F0061B890 /* TransactionsTests.m in Sources */ = {isa = PBXBuildFile; fileRef = 462DB9EA19C2707F0061B890 /* TransactionsTests.m */; };
/* End PBXBuildFile section */

/* Begin PBXContainerItemProxy section */
		462DB9E219C2707F0061B890 /* PBXContainerItemProxy */ = {
			isa = PBXContainerItemProxy;
			containerPortal = 462DB9BA19C2707F0061B890 /* Project object */;
			proxyType = 1;
			remoteGlobalIDString = 462DB9C119C2707F0061B890;
			remoteInfo = Transactions;
		};
/* End PBXContainerItemProxy section */

/* Begin PBXFileReference section */
		462DB9C219C2707F0061B890 /* Transactions.app */ = {isa = PBXFileReference; explicitFileType = wrapper.application; includeInIndex = 0; path = Transactions.app; sourceTree = BUILT_PRODUCTS_DIR; };
		462DB9C519C2707F0061B890 /* Foundation.framework */ = {isa = PBXFileReference; lastKnownFileType = wrapper.framework; name = Foundation.framework; path = System/Library/Frameworks/Foundation.framework; sourceTree = SDKROOT; };
		462DB9C719C2707F0061B890 /* CoreGraphics.framework */ = {isa = PBXFileReference; lastKnownFileType = wrapper.framework; name = CoreGraphics.framework; path = System/Library/Frameworks/CoreGraphics.framework; sourceTree = SDKROOT; };
		462DB9C919C2707F0061B890 /* UIKit.framework */ = {isa = PBXFileReference; lastKnownFileType = wrapper.framework; name = UIKit.framework; path = System/Library/Frameworks/UIKit.framework; sourceTree = SDKROOT; };
		462DB9CD19C2707F0061B890 /* Transactions-Info.plist */ = {isa = PBXFileReference; lastKnownFileType = text.plist.xml; path = "Transactions-Info.plist"; sourceTree = "<group>"; };
		462DB9CF19C2707F0061B890 /* en */ = {isa = PBXFileReference; lastKnownFileType = text.plist.strings; name = en; path = en.lproj/InfoPlist.strings; sourceTree = "<group>"; };
		462DB9D119C2707F0061B890 /* main.m */ = {isa = PBXFileReference; lastKnownFileType = sourcecode.c.objc; path = main.m; sourceTree = "<group>"; };
		462DB9D319C2707F0061B890 /* Transactions-Prefix.pch */ = {isa = PBXFileReference; lastKnownFileType = sourcecode.c.h; path = "Transactions-Prefix.pch"; sourceTree = "<group>"; };
		462DB9D419C2707F0061B890 /* STRAppDelegate.h */ = {isa = PBXFileReference; lastKnownFileType = sourcecode.c.h; path = STRAppDelegate.h; sourceTree = "<group>"; };
		462DB9D519C2707F0061B890 /* STRAppDelegate.m */ = {isa = PBXFileReference; lastKnownFileType = sourcecode.c.objc; path = STRAppDelegate.m; sourceTree = "<group>"; };
		462DB9D719C2707F0061B890 /* Images.xcassets */ = {isa = PBXFileReference; lastKnownFileType = folder.assetcatalog; path = Images.xcassets; sourceTree = "<group>"; };
		462DB9DD19C2707F0061B890 /* TransactionsTests.xctest */ = {isa = PBXFileReference; explicitFileType = wrapper.cfbundle; includeInIndex = 0; path = TransactionsTests.xctest; sourceTree = BUILT_PRODUCTS_DIR; };
		462DB9DE19C2707F0061B890 /* XCTest.framework */ = {isa = PBXFileReference; lastKnownFileType = wrapper.framework; name = XCTest.framework; path = Library/Frameworks/XCTest.framework; sourceTree = DEVELOPER_DIR; };
		462DB9E619C2707F0061B890 /* TransactionsTests-Info.plist */ = {isa = PBXFileReference; lastKnownFileType = text.plist.xml; path = "TransactionsTests-Info.plist"; sourceTree = "<group>"; };
		462DB9E819C2707F0061B890 /* en */ = {isa = PBXFileReference; lastKnownFileType = text.plist.strings; name = en; path = en.lproj/InfoPlist.strings; sourceTree = "<group>"; };
		462DB9EA19C2707F0061B890 /* TransactionsTests.m */ = {isa = PBXFileReference; lastKnownFileType = sourcecode.c.objc; path = TransactionsTests.m; sourceTree = "<group>"; };
/* End PBXFileReference section */

/* Begin PBXFrameworksBuildPhase section */
		462DB9BF19C2707F0061B890 /* Frameworks */ = {
			isa = PBXFrameworksBuildPhase;
			buildActionMask = 2147483647;
			files = (
				462DB9C819C2707F0061B890 /* CoreGraphics.framework in Frameworks */,
				462DB9CA19C2707F0061B890 /* UIKit.framework in Frameworks */,
				462DB9C619C2707F0061B890 /* Foundation.framework in Frameworks */,
			);
			runOnlyForDeploymentPostprocessing = 0;
		};
		462DB9DA19C2707F0061B890 /* Frameworks */ = {
			isa = PBXFrameworksBuildPhase;
			buildActionMask = 2147483647;
			files = (
				462DB9DF19C2707F0061B890 /* XCTest.framework in Frameworks */,
				462DB9E119C2707F0061B890 /* UIKit.framework in Frameworks */,
				462DB9E019C2707F0061B890 /* Foundation.framework in Frameworks */,
			);
			runOnlyForDeploymentPostprocessing = 0;
		};
/* End PBXFrameworksBuildPhase section */

/* Begin PBXGroup section */
		462DB9B919C2707F0061B890 = {
			isa = PBXGroup;
			children = (
				462DB9CB19C2707F0061B890 /* Transactions */,
				462DB9E419C2707F0061B890 /* TransactionsTests */,
				462DB9C419C2707F0061B890 /* Frameworks */,
				462DB9C319C2707F0061B890 /* Products */,
			);
			sourceTree = "<group>";
		};
		462DB9C319C2707F0061B890 /* Products */ = {
			isa = PBXGroup;
			children = (
				462DB9C219C2707F0061B890 /* Transactions.app */,
				462DB9DD19C2707F0061B890 /* TransactionsTests.xctest */,
			);
			name = Products;
			sourceTree = "<group>";
		};
		462DB9C419C2707F0061B890 /* Frameworks */ = {
			isa = PBXGroup;
			children = (
				462DB9C519C2707F0061B890 /* Foundation.framework */,
				462DB9C719C2707F0061B890 /* CoreGraphics.framework */,
				462DB9C919C2707F0061B890 /* UIKit.framework */,
				462DB9DE19C2707F0061B890 /* XCTest.framework */,
			);
			name = Frameworks;
			sourceTree = "<group>";
		};
		462DB9CB19C2707F0061B890 /* Transactions */ = {
			isa = PBXGroup;
			children = (
				462DB9D419C2707F0061B890 /* STRAppDelegate.h */,
				462DB9D519C2707F0061B890 /* STRAppDelegate.m */,
				462DB9D719C2707F0061B890 /* Images.xcassets */,
				462DB9CC19C2707F0061B890 /* Supporting Files */,
			);
			path = Transactions;
			sourceTree = "<group>";
		};
		462DB9CC19C2707F0061B890 /* Supporting Files */ = {
			isa = PBXGroup;
			children = (
				462DB9CD19C2707F0061B890 /* Transactions-Info.plist */,
				462DB9CE19C2707F0061B890 /* InfoPlist.strings */,
				462DB9D119C2707F0061B890 /* main.m */,
				462DB9D319C2707F0061B890 /* Transactions-Prefix.pch */,
			);
			name = "Supporting Files";
			sourceTree = "<group>";
		};
		462DB9E419C2707F0061B890 /* TransactionsTests */ = {
			isa = PBXGroup;
			children = (
				462DB9EA19C2707F0061B890 /* TransactionsTests.m */,
				462DB9E519C2707F0061B890 /* Supporting Files */,
			);
			path = TransactionsTests;
			sourceTree = "<group>";
		};
		462DB9E519C2707F0061B890 /* Supporting Files */ = {
			isa = PBXGroup;
			children = (
				462DB9E619C2707F0061B890 /* TransactionsTests-Info.plist */,
				462DB9E719C2707F0061B890 /* InfoPlist.strings */,
			);
			name = "Supporting Files";
			sourceTree = "<group>";
		};
/* End PBXGroup section */

/* Begin PBXNativeTarget section */
		462DB9C119C2707F0061B890 /* Transactions */ = {
			isa = PBXNativeTarget;
			buildConfigurationList = 462DB9EE19C2707F0061B890 /* Build configuration list for PBXNativeTarget "Transactions" */;
			buildPhases = (
				462DB9BE19C2707F0061B890 /* Sources */,
				462DB9BF19C2707F0061B890 /* Frameworks */,
				462DB9C019C2707F0061B890 /* Resources */,
			);
			buildRules = (
			);
			dependencies = (
			);
			name = Transactions;
			productName = Transactions;
			productReference = 462DB9C219C2707F0061B890 /* Transactions.app */;
			productType = "com.apple.product-type.application";
		};
		462DB9DC19C2707F0061B890 /* TransactionsTests */ = {
			isa = PBXNativeTarget;
			buildConfigurationList = 462DB9F119C2707F0061B890 /* Build configuration list for PBXNativeTarget "TransactionsTests" */;
			buildPhases = (
				462DB9D919C2707F0061B890 /* Sources */,
				462DB9DA19C2707F0061B890 /* Frameworks */,
				462DB9DB19C2707F0061B890 /* Resources */,
			);
			buildRules = (
			);
			dependencies = (
				462DB9E319C2707F0061B890 /* PBXTargetDependency */,
			);
			name = TransactionsTests;
			productName = TransactionsTests;
			productReference = 462DB9DD19C2707F0061B890 /* TransactionsTests.xctest */;
			productType = "com.apple.product-type.bundle.unit-test";
		};
/* End PBXNativeTarget section */

/* Begin PBXProject section */
		462DB9BA19C2707F0061B890 /* Project object */ = {
			isa = PBXProject;
			attributes = {
				CLASSPREFIX = STR;
				LastUpgradeCheck = 0510;
				ORGANIZATIONNAME = "Anthony Fennell";
				TargetAttributes = {
					462DB9DC19C2707F0061B890 = {
						TestTargetID = 462DB9C119C2707F0061B890;
					};
				};
			};
			buildConfigurationList = 462DB9BD19C2707F0061B890 /* Build configuration list for PBXProject "Transactions" */;
			compatibilityVersion = "Xcode 3.2";
			developmentRegion = English;
			hasScannedForEncodings = 0;
			knownRegions = (
				en,
			);
			mainGroup = 462DB9B919C2707F0061B890;
			productRefGroup = 462DB9C319C2707F0061B890 /* Products */;
			projectDirPath = "";
			projectRoot = "";
			targets = (
				462DB9C119C2707F0061B890 /* Transactions */,
				462DB9DC19C2707F0061B890 /* TransactionsTests */,
			);
		};
/* End PBXProject section */

/* Begin PBXResourcesBuildPhase section */
		462DB9C019C2707F0061B890 /* Resources */ = {
			isa = PBXResourcesBuildPhase;
			buildActionMask = 2147483647;
			files = (
				462DB9D019C2707F0061B890 /* InfoPlist.strings in Resources */,
				462DB9D819C2707F0061B890 /* Images.xcassets in Resources */,
			);
			runOnlyForDeploymentPostprocessing = 0;
		};
		462DB9DB19C2707F0061B890 /* Resources */ = {
			isa = PBXResourcesBuildPhase;
			buildActionMask = 2147483647;
			files = (
				462DB9E919C2707F0061B890 /* InfoPlist.strings in Resources */,
			);
			runOnlyForDeploymentPostprocessing = 0;
		};
/* End PBXResourcesBuildPhase section */

/* Begin PBXSourcesBuildPhase section */
		462DB9BE19C2707F0061B890 /* Sources */ = {
			isa = PBXSourcesBuildPhase;
			buildActionMask = 2147483647;
			files = (
				462DB9D619C2707F0061B890 /* STRAppDelegate.m in Sources */,
				462DB9D219C2707F0061B890 /* main.m in Sources */,
			);
			runOnlyForDeploymentPostprocessing = 0;
		};
		462DB9D919C2707F0061B890 /* Sources */ = {
			isa = PBXSourcesBuildPhase;
			buildActionMask = 2147483647;
			files = (
				462DB9EB19C2707F0061B890 /* TransactionsTests.m in Sources */,
			);
			runOnlyForDeploymentPostprocessing = 0;
		};
/* End PBXSourcesBuildPhase section */

/* Begin PBXTargetDependency section */
		462DB9E319C2707F0061B890 /* PBXTargetDependency */ = {
			isa = PBXTargetDependency;
			target = 462DB9C119C2707F0061B890 /* Transactions */;
			targetProxy = 462DB9E219C2707F0061B890 /* PBXContainerItemProxy */;
		};
/* End PBXTargetDependency section */

/* Begin PBXVariantGroup section */
		462DB9CE19C2707F0061B890 /* InfoPlist.strings */ = {
			isa = PBXVariantGroup;
			children = (
				462DB9CF19C2707F0061B890 /* en */,
			);
			name = InfoPlist.strings;
			sourceTree = "<group>";
		};
		462DB9E719C2707F0061B890 /* InfoPlist.strings */ = {
			isa = PBXVariantGroup;
			children = (
				462DB9E819C2707F0061B890 /* en */,
			);
			name = InfoPlist.strings;
			sourceTree = "<group>";
		};
/* End PBXVariantGroup section */

/* Begin XCBuildConfiguration section */
		462DB9EC19C2707F0061B890 /* Debug */ = {
			isa = XCBuildConfiguration;
			buildSettings = {
				ALWAYS_SEARCH_USER_PATHS = NO;
				CLANG_CXX_LANGUAGE_STANDARD = "gnu++0x";
				CLANG_CXX_LIBRARY = "libc++";
				CLANG_ENABLE_MODULES = YES;
				CLANG_ENABLE_OBJC_ARC = YES;
				CLANG_WARN_BOOL_CONVERSION = YES;
				CLANG_WARN_CONSTANT_CONVERSION = YES;
				CLANG_WARN_DIRECT_OBJC_ISA_USAGE = YES_ERROR;
				CLANG_WARN_EMPTY_BODY = YES;
				CLANG_WARN_ENUM_CONVERSION = YES;
				CLANG_WARN_INT_CONVERSION = YES;
				CLANG_WARN_OBJC_ROOT_CLASS = YES_ERROR;
				CLANG_WARN__DUPLICATE_METHOD_MATCH = YES;
				"CODE_SIGN_IDENTITY[sdk=iphoneos*]" = "iPhone Developer";
				COPY_PHASE_STRIP = NO;
				GCC_C_LANGUAGE_STANDARD = gnu99;
				GCC_DYNAMIC_NO_PIC = NO;
				GCC_OPTIMIZATION_LEVEL = 0;
				GCC_PREPROCESSOR_DEFINITIONS = (
					"DEBUG=1",
					"$(inherited)",
				);
				GCC_SYMBOLS_PRIVATE_EXTERN = NO;
				GCC_WARN_64_TO_32_BIT_CONVERSION = YES;
				GCC_WARN_ABOUT_RETURN_TYPE = YES_ERROR;
				GCC_WARN_UNDECLARED_SELECTOR = YES;
				GCC_WARN_UNINITIALIZED_AUTOS = YES_AGGRESSIVE;
				GCC_WARN_UNUSED_FUNCTION = YES;
				GCC_WARN_UNUSED_VARIABLE = YES;
				IPHONEOS_DEPLOYMENT_TARGET = 7.1;
				ONLY_ACTIVE_ARCH = YES;
				SDKROOT = iphoneos;
			};
			name = Debug;
		};
		462DB9ED19C2707F0061B890 /* Release */ = {
			isa = XCBuildConfiguration;
			buildSettings = {
				ALWAYS_SEARCH_USER_PATHS = NO;
				CLANG_CXX_LANGUAGE_STANDARD = "gnu++0x";
				CLANG_CXX_LIBRARY = "libc++";
				CLANG_ENABLE_MODULES = YES;
				CLANG_ENABLE_OBJC_ARC = YES;
				CLANG_WARN_BOOL_CONVERSION = YES;
				CLANG_WARN_CONSTANT_CONVERSION = YES;
				CLANG_WARN_DIRECT_OBJC_ISA_USAGE = YES_ERROR;
				CLANG_WARN_EMPTY_BODY = YES;
				CLANG_WARN_ENUM_CONVERSION = YES;
				CLANG_WARN_INT_CONVERSION = YES;
				CLANG_WARN_OBJC_ROOT_CLASS = YES_ERROR;
				CLANG_WARN__DUPLICATE_METHOD_MATCH = YES;
				"CODE_SIGN_IDENTITY[sdk=iphoneos*]" = "iPhone Developer";
				COPY_PHASE_STRIP = YES;
				ENABLE_NS_ASSERTIONS = NO;
				GCC_C_LANGUAGE_STANDARD = gnu99;
				GCC_WARN_64_TO_32_BIT_CONVERSION = YES;
				GCC_WARN_ABOUT_RETURN_TYPE = YES_ERROR;
				GCC_WARN_UNDECLARED_SELECTOR = YES;
				GCC_WARN_UNINITIALIZED_AUTOS = YES_AGGRESSIVE;
				GCC_WARN_UNUSED_FUNCTION = YES;
				GCC_WARN_UNUSED_VARIABLE = YES;
				IPHONEOS_DEPLOYMENT_TARGET = 7.1;
				SDKROOT = iphoneos;
				VALIDATE_PRODUCT = YES;
			};
			name = Release;
		};
		462DB9EF19C2707F0061B890 /* Debug */ = {
			isa = XCBuildConfiguration;
			buildSettings = {
				ASSETCATALOG_COMPILER_APPICON_NAME = AppIcon;
				ASSETCATALOG_COMPILER_LAUNCHIMAGE_NAME = LaunchImage;
				GCC_PRECOMPILE_PREFIX_HEADER = YES;
				GCC_PREFIX_HEADER = "Transactions/Transactions-Prefix.pch";
				INFOPLIST_FILE = "Transactions/Transactions-Info.plist";
				PRODUCT_NAME = "$(TARGET_NAME)";
				WRAPPER_EXTENSION = app;
			};
			name = Debug;
		};
		462DB9F019C2707F0061B890 /* Release */ = {
			isa = XCBuildConfiguration;
			buildSettings = {
				ASSETCATALOG_COMPILER_APPICON_NAME = AppIcon;
				ASSETCATALOG_COMPILER_LAUNCHIMAGE_NAME = LaunchImage;
				GCC_PRECOMPILE_PREFIX_HEADER = YES;
				GCC_PREFIX_HEADER = "Transactions/Transactions-Prefix.pch";
				INFOPLIST_FILE = "Transactions/Transactions-Info.plist";
				PRODUCT_NAME = "$(TARGET_NAME)";
				WRAPPER_EXTENSION = app;
			};
			name = Release;
		};
		462DB9F219C2707F0061B890 /* Debug */ = {
			isa = XCBuildConfiguration;
			buildSettings = {
				BUNDLE_LOADER = "$(BUILT_PRODUCTS_DIR)/Transactions.app/Transactions";
				FRAMEWORK_SEARCH_PATHS = (
					"$(SDKROOT)/Developer/Library/Frameworks",
					"$(inherited)",
					"$(DEVELOPER_FRAMEWORKS_DIR)",
				);
				GCC_PRECOMPILE_PREFIX_HEADER = YES;
				GCC_PREFIX_HEADER = "Transactions/Transactions-Prefix.pch";
				GCC_PREPROCESSOR_DEFINITIONS = (
					"DEBUG=1",
					"$(inherited)",
				);
				INFOPLIST_FILE = "TransactionsTests/TransactionsTests-Info.plist";
				PRODUCT_NAME = "$(TARGET_NAME)";
				TEST_HOST = "$(BUNDLE_LOADER)";
				WRAPPER_EXTENSION = xctest;
			};
			name = Debug;
		};
		462DB9F319C2707F0061B890 /* Release */ = {
			isa = XCBuildConfiguration;
			buildSettings = {
				BUNDLE_LOADER = "$(BUILT_PRODUCTS_DIR)/Transactions.app/Transactions";
				FRAMEWORK_SEARCH_PATHS = (
					"$(SDKROOT)/Developer/Library/Frameworks",
					"$(inherited)",
					"$(DEVELOPER_FRAMEWORKS_DIR)",
				);
				GCC_PRECOMPILE_PREFIX_HEADER = YES;
				GCC_PREFIX_HEADER = "Transactions/Transactions-Prefix.pch";
				INFOPLIST_FILE = "TransactionsTests/TransactionsTests-Info.plist";
				PRODUCT_NAME = "$(TARGET_NAME)";
				TEST_HOST = "$(BUNDLE_LOADER)";
				WRAPPER_EXTENSION = xctest;
			};
			name = Release;
		};
/* End XCBuildConfiguration section */

/* Begin XCConfigurationList section */
		462DB9BD19C2707F0061B890 /* Build configuration list for PBXProject "Transactions" */ = {
			isa = XCConfigurationList;
			buildConfigurations = (
				462DB9EC19C2707F0061B890 /* Debug */,
				462DB9ED19C2707F0061B890 /* Release */,
			);
			defaultConfigurationIsVisible = 0;
			defaultConfigurationName = Release;
		};
		462DB9EE19C2707F0061B890 /* Build configuration list for PBXNativeTarget "Transactions" */ = {
			isa = XCConfigurationList;
			buildConfigurations = (
				462DB9EF19C2707F0061B890 /* Debug */,
				462DB9F019C2707F0061B890 /* Release */,
			);
			defaultConfigurationIsVisible = 0;
		};
		462DB9F119C2707F0061B890 /* Build configuration list for PBXNativeTarget "TransactionsTests" */ = {
			isa = XCConfigurationList;
			buildConfigurations = (
				462DB9F219C2707F0061B890 /* Debug */,
				462DB9F319C2707F0061B890 /* Release */,
			);
			defaultConfigurationIsVisible = 0;
		};
/* End XCConfigurationList section */
	};
	rootObject = 462DB9BA19C2707F0061B890 /* Project object */;
}
